
Microsoft Visual Studio Solution File, Format Version 12.00
# Visual Studio Version 17
VisualStudioVersion = 17.9.34728.123
MinimumVisualStudioVersion = 10.0.40219.1
Project("{FAE04EC0-301F-11D3-BF4B-00C04F79EFBC}") = "net23_asp_net_labb4_mvc", "net23_asp_net_labb4_mvc\net23_asp_net_labb4_mvc.csproj", "{70C8AD71-A7CF-42A8-B752-53B8ECC850ED}"
EndProject
Global
	GlobalSection(SolutionConfigurationPlatforms) = preSolution
		Debug|Any CPU = Debug|Any CPU
		Release|Any CPU = Release|Any CPU
	EndGlobalSection
	GlobalSection(ProjectConfigurationPlatforms) = postSolution
		{70C8AD71-A7CF-42A8-B752-53B8ECC850ED}.Debug|Any CPU.ActiveCfg = Debug|Any CPU
		{70C8AD71-A7CF-42A8-B752-53B8ECC850ED}.Debug|Any CPU.Build.0 = Debug|Any CPU
		{70C8AD71-A7CF-42A8-B752-53B8ECC850ED}.Release|Any CPU.ActiveCfg = Release|Any CPU
		{70C8AD71-A7CF-42A8-B752-53B8ECC850ED}.Release|Any CPU.Build.0 = Release|Any CPU
	EndGlobalSection
	GlobalSection(SolutionProperties) = preSolution
		HideSolutionNode = FALSE
	EndGlobalSection
	GlobalSection(ExtensibilityGlobals) = postSolution
		SolutionGuid = {23EA0D70-BEC1-4D7F-B615-97BA376EA4B9}
	EndGlobalSection
EndGlobal
